
Microsoft Visual Studio Solution File, Format Version 12.00
# Visual Studio Version 17
VisualStudioVersion = 17.0.31611.283
MinimumVisualStudioVersion = 10.0.40219.1
Project("{9A19103F-16F7-4668-BE54-9A1E7A4F7556}") = "Hotel", "Hotel\Hotel.csproj", "{57B0D61D-6616-499E-AF82-A4B3E5890004}"
	ProjectSection(ProjectDependencies) = postProject
		{1801CA9A-6A06-459D-877C-FFC6B8A2DC39} = {1801CA9A-6A06-459D-877C-FFC6B8A2DC39}
	EndProjectSection
EndProject
Project("{9A19103F-16F7-4668-BE54-9A1E7A4F7556}") = "SharedContent", "SharedContent\SharedContent.csproj", "{1801CA9A-6A06-459D-877C-FFC6B8A2DC39}"
EndProject
Project("{FAE04EC0-301F-11D3-BF4B-00C04F79EFBC}") = "Hospede", "Hospede\Hospede.csproj", "{D544F752-CB57-4427-91B8-1002F0674157}"
	ProjectSection(ProjectDependencies) = postProject
		{1801CA9A-6A06-459D-877C-FFC6B8A2DC39} = {1801CA9A-6A06-459D-877C-FFC6B8A2DC39}
	EndProjectSection
EndProject
Global
	GlobalSection(SolutionConfigurationPlatforms) = preSolution
		Debug|Any CPU = Debug|Any CPU
		Release|Any CPU = Release|Any CPU
	EndGlobalSection
	GlobalSection(ProjectConfigurationPlatforms) = postSolution
		{57B0D61D-6616-499E-AF82-A4B3E5890004}.Debug|Any CPU.ActiveCfg = Debug|Any CPU
		{57B0D61D-6616-499E-AF82-A4B3E5890004}.Debug|Any CPU.Build.0 = Debug|Any CPU
		{57B0D61D-6616-499E-AF82-A4B3E5890004}.Debug|Any CPU.Deploy.0 = Debug|Any CPU
		{57B0D61D-6616-499E-AF82-A4B3E5890004}.Release|Any CPU.ActiveCfg = Release|Any CPU
		{57B0D61D-6616-499E-AF82-A4B3E5890004}.Release|Any CPU.Build.0 = Release|Any CPU
		{57B0D61D-6616-499E-AF82-A4B3E5890004}.Release|Any CPU.Deploy.0 = Release|Any CPU
		{1801CA9A-6A06-459D-877C-FFC6B8A2DC39}.Debug|Any CPU.ActiveCfg = Debug|Any CPU
		{1801CA9A-6A06-459D-877C-FFC6B8A2DC39}.Debug|Any CPU.Build.0 = Debug|Any CPU
		{1801CA9A-6A06-459D-877C-FFC6B8A2DC39}.Release|Any CPU.ActiveCfg = Release|Any CPU
		{1801CA9A-6A06-459D-877C-FFC6B8A2DC39}.Release|Any CPU.Build.0 = Release|Any CPU
		{D544F752-CB57-4427-91B8-1002F0674157}.Debug|Any CPU.ActiveCfg = Debug|Any CPU
		{D544F752-CB57-4427-91B8-1002F0674157}.Debug|Any CPU.Build.0 = Debug|Any CPU
		{D544F752-CB57-4427-91B8-1002F0674157}.Debug|Any CPU.Deploy.0 = Debug|Any CPU
		{D544F752-CB57-4427-91B8-1002F0674157}.Release|Any CPU.ActiveCfg = Release|Any CPU
		{D544F752-CB57-4427-91B8-1002F0674157}.Release|Any CPU.Build.0 = Release|Any CPU
		{D544F752-CB57-4427-91B8-1002F0674157}.Release|Any CPU.Deploy.0 = Release|Any CPU
	EndGlobalSection
	GlobalSection(SolutionProperties) = preSolution
		HideSolutionNode = FALSE
	EndGlobalSection
	GlobalSection(ExtensibilityGlobals) = postSolution
		SolutionGuid = {61F7FB11-1E47-470C-91E2-47F8143E1572}
	EndGlobalSection
EndGlobal
